{
  "originHash" : "e043e35d89fc9c175f4169f4aa9709becdfb87b915ef76ee944456cb593c96b1",
  "pins" : [
    {
      "identity" : "hotwire-native-ios",
      "kind" : "remoteSourceControl",
      "location" : "https://github.com/hotwired/hotwire-native-ios",
      "state" : {
        "revision" : "9c7d6c263a528c0a02e3796a5f451eb8405e2107",
        "version" : "1.0.0"
      }
    }
  ],
  "version" : 3
}
