{
  "pins" : [
    {
      "identity" : "turbo-ios",
      "kind" : "remoteSourceControl",
      "location" : "https://github.com/hotwired/turbo-ios",
      "state" : {
        "branch" : "turbo-navigator",
        "revision" : "cd4f71e0a82bd116bcceebc8aee742d00e1fc2d4"
      }
    }
  ],
  "version" : 2
}
