{
  "pins" : [
    {
      "identity" : "strada-ios",
      "kind" : "remoteSourceControl",
      "location" : "https://github.com/hotwired/strada-ios/",
      "state" : {
        "branch" : "fix-redirect-issue",
        "revision" : "ffcc782534ec279299654bb14c78b24d1489020a"
      }
    },
    {
      "identity" : "turbo-ios",
      "kind" : "remoteSourceControl",
      "location" : "https://github.com/hotwired/turbo-ios",
      "state" : {
        "branch" : "turbo-navigator",
        "revision" : "cd4f71e0a82bd116bcceebc8aee742d00e1fc2d4"
      }
    }
  ],
  "version" : 2
}
