// !$*UTF8*$!
{
	archiveVersion = 1;
	classes = {
	};
	objectVersion = 56;
	objects = {

/* Begin PBXBuildFile section */
		842525C62B2788BA00DB6CD3 /* ButtonComponent.swift in Sources */ = {isa = PBXBuildFile; fileRef = 842525C52B2788BA00DB6CD3 /* ButtonComponent.swift */; };
		84A23A2B2B2364DA00654CDF /* FormComponent.swift in Sources */ = {isa = PBXBuildFile; fileRef = 84A23A2A2B2364DA00654CDF /* FormComponent.swift */; };
		84C3CE692B216CD40036700C /* WebViewController.swift in Sources */ = {isa = PBXBuildFile; fileRef = 84C3CE682B216CD40036700C /* WebViewController.swift */; };
		84C3CE6F2B216D1E0036700C /* BridgeComponent+App.swift in Sources */ = {isa = PBXBuildFile; fileRef = 84C3CE6E2B216D1E0036700C /* BridgeComponent+App.swift */; };
		84C3CE712B216E010036700C /* Turbo+Configuration.swift in Sources */ = {isa = PBXBuildFile; fileRef = 84C3CE702B216E010036700C /* Turbo+Configuration.swift */; };
		84C3CE732B216E320036700C /* NavigationComponent.swift in Sources */ = {isa = PBXBuildFile; fileRef = 84C3CE722B216E320036700C /* NavigationComponent.swift */; };
		84C3CE7A2B2179310036700C /* Strada in Frameworks */ = {isa = PBXBuildFile; productRef = 84C3CE792B2179310036700C /* Strada */; };
		84DE93A12B202F62006BDECB /* AppDelegate.swift in Sources */ = {isa = PBXBuildFile; fileRef = 84DE93A02B202F62006BDECB /* AppDelegate.swift */; };
		84DE93A32B202F62006BDECB /* SceneDelegate.swift in Sources */ = {isa = PBXBuildFile; fileRef = 84DE93A22B202F62006BDECB /* SceneDelegate.swift */; };
		84DE93A82B202F62006BDECB /* Main.storyboard in Resources */ = {isa = PBXBuildFile; fileRef = 84DE93A62B202F62006BDECB /* Main.storyboard */; };
		84DE93AA2B202F63006BDECB /* Assets.xcassets in Resources */ = {isa = PBXBuildFile; fileRef = 84DE93A92B202F63006BDECB /* Assets.xcassets */; };
		84DE93AD2B202F63006BDECB /* LaunchScreen.storyboard in Resources */ = {isa = PBXBuildFile; fileRef = 84DE93AB2B202F63006BDECB /* LaunchScreen.storyboard */; };
		84DE93B82B203033006BDECB /* Turbo in Frameworks */ = {isa = PBXBuildFile; productRef = 84DE93B72B203033006BDECB /* Turbo */; };
		84DE93BB2B203C00006BDECB /* UINavigationBar+Appearance.swift in Sources */ = {isa = PBXBuildFile; fileRef = 84DE93BA2B203C00006BDECB /* UINavigationBar+Appearance.swift */; };
		84DE93BE2B205228006BDECB /* Endpoint.swift in Sources */ = {isa = PBXBuildFile; fileRef = 84DE93BD2B205228006BDECB /* Endpoint.swift */; };
/* End PBXBuildFile section */

/* Begin PBXFileReference section */
		842525C52B2788BA00DB6CD3 /* ButtonComponent.swift */ = {isa = PBXFileReference; lastKnownFileType = sourcecode.swift; path = ButtonComponent.swift; sourceTree = "<group>"; };
		84A23A2A2B2364DA00654CDF /* FormComponent.swift */ = {isa = PBXFileReference; lastKnownFileType = sourcecode.swift; path = FormComponent.swift; sourceTree = "<group>"; };
		84C3CE682B216CD40036700C /* WebViewController.swift */ = {isa = PBXFileReference; lastKnownFileType = sourcecode.swift; path = WebViewController.swift; sourceTree = "<group>"; };
		84C3CE6E2B216D1E0036700C /* BridgeComponent+App.swift */ = {isa = PBXFileReference; lastKnownFileType = sourcecode.swift; path = "BridgeComponent+App.swift"; sourceTree = "<group>"; };
		84C3CE702B216E010036700C /* Turbo+Configuration.swift */ = {isa = PBXFileReference; lastKnownFileType = sourcecode.swift; path = "Turbo+Configuration.swift"; sourceTree = "<group>"; };
		84C3CE722B216E320036700C /* NavigationComponent.swift */ = {isa = PBXFileReference; lastKnownFileType = sourcecode.swift; path = NavigationComponent.swift; sourceTree = "<group>"; };
		84DE939D2B202F62006BDECB /* Daily Log.app */ = {isa = PBXFileReference; explicitFileType = wrapper.application; includeInIndex = 0; path = "Daily Log.app"; sourceTree = BUILT_PRODUCTS_DIR; };
		84DE93A02B202F62006BDECB /* AppDelegate.swift */ = {isa = PBXFileReference; lastKnownFileType = sourcecode.swift; path = AppDelegate.swift; sourceTree = "<group>"; };
		84DE93A22B202F62006BDECB /* SceneDelegate.swift */ = {isa = PBXFileReference; lastKnownFileType = sourcecode.swift; path = SceneDelegate.swift; sourceTree = "<group>"; };
		84DE93A72B202F62006BDECB /* Base */ = {isa = PBXFileReference; lastKnownFileType = file.storyboard; name = Base; path = Base.lproj/Main.storyboard; sourceTree = "<group>"; };
		84DE93A92B202F63006BDECB /* Assets.xcassets */ = {isa = PBXFileReference; lastKnownFileType = folder.assetcatalog; path = Assets.xcassets; sourceTree = "<group>"; };
		84DE93AC2B202F63006BDECB /* Base */ = {isa = PBXFileReference; lastKnownFileType = file.storyboard; name = Base; path = Base.lproj/LaunchScreen.storyboard; sourceTree = "<group>"; };
		84DE93AE2B202F63006BDECB /* Info.plist */ = {isa = PBXFileReference; lastKnownFileType = text.plist.xml; path = Info.plist; sourceTree = "<group>"; };
		84DE93BA2B203C00006BDECB /* UINavigationBar+Appearance.swift */ = {isa = PBXFileReference; lastKnownFileType = sourcecode.swift; path = "UINavigationBar+Appearance.swift"; sourceTree = "<group>"; };
		84DE93BD2B205228006BDECB /* Endpoint.swift */ = {isa = PBXFileReference; lastKnownFileType = sourcecode.swift; path = Endpoint.swift; sourceTree = "<group>"; };
/* End PBXFileReference section */

/* Begin PBXFrameworksBuildPhase section */
		84DE939A2B202F62006BDECB /* Frameworks */ = {
			isa = PBXFrameworksBuildPhase;
			buildActionMask = 2147483647;
			files = (
				84DE93B82B203033006BDECB /* Turbo in Frameworks */,
				84C3CE7A2B2179310036700C /* Strada in Frameworks */,
			);
			runOnlyForDeploymentPostprocessing = 0;
		};
/* End PBXFrameworksBuildPhase section */

/* Begin PBXGroup section */
		84C3CE672B216CCC0036700C /* Controllers */ = {
			isa = PBXGroup;
			children = (
				84C3CE682B216CD40036700C /* WebViewController.swift */,
			);
			path = Controllers;
			sourceTree = "<group>";
		};
		84C3CE6D2B216D170036700C /* Components */ = {
			isa = PBXGroup;
			children = (
				84C3CE6E2B216D1E0036700C /* BridgeComponent+App.swift */,
				84A23A2A2B2364DA00654CDF /* FormComponent.swift */,
				842525C52B2788BA00DB6CD3 /* ButtonComponent.swift */,
				84C3CE722B216E320036700C /* NavigationComponent.swift */,
			);
			path = Components;
			sourceTree = "<group>";
		};
		84C3CE752B2173D40036700C /* Frameworks */ = {
			isa = PBXGroup;
			children = (
			);
			name = Frameworks;
			sourceTree = "<group>";
		};
		84DE93942B202F62006BDECB = {
			isa = PBXGroup;
			children = (
				84DE939F2B202F62006BDECB /* App */,
				84DE939E2B202F62006BDECB /* Products */,
				84C3CE752B2173D40036700C /* Frameworks */,
			);
			sourceTree = "<group>";
		};
		84DE939E2B202F62006BDECB /* Products */ = {
			isa = PBXGroup;
			children = (
				84DE939D2B202F62006BDECB /* Daily Log.app */,
			);
			name = Products;
			sourceTree = "<group>";
		};
		84DE939F2B202F62006BDECB /* App */ = {
			isa = PBXGroup;
			children = (
				84C3CE6D2B216D170036700C /* Components */,
				84DE93BC2B205223006BDECB /* Configuration */,
				84C3CE672B216CCC0036700C /* Controllers */,
				84DE93B42B202F95006BDECB /* Delegates */,
				84DE93B92B203BF9006BDECB /* Extensions */,
				84DE93B52B202F99006BDECB /* Resources */,
			);
			path = App;
			sourceTree = "<group>";
		};
		84DE93B42B202F95006BDECB /* Delegates */ = {
			isa = PBXGroup;
			children = (
				84DE93A02B202F62006BDECB /* AppDelegate.swift */,
				84DE93A22B202F62006BDECB /* SceneDelegate.swift */,
			);
			path = Delegates;
			sourceTree = "<group>";
		};
		84DE93B52B202F99006BDECB /* Resources */ = {
			isa = PBXGroup;
			children = (
				84DE93AE2B202F63006BDECB /* Info.plist */,
				84DE93A92B202F63006BDECB /* Assets.xcassets */,
				84DE93AB2B202F63006BDECB /* LaunchScreen.storyboard */,
				84DE93A62B202F62006BDECB /* Main.storyboard */,
			);
			path = Resources;
			sourceTree = "<group>";
		};
		84DE93B92B203BF9006BDECB /* Extensions */ = {
			isa = PBXGroup;
			children = (
				84C3CE702B216E010036700C /* Turbo+Configuration.swift */,
				84DE93BA2B203C00006BDECB /* UINavigationBar+Appearance.swift */,
			);
			path = Extensions;
			sourceTree = "<group>";
		};
		84DE93BC2B205223006BDECB /* Configuration */ = {
			isa = PBXGroup;
			children = (
				84DE93BD2B205228006BDECB /* Endpoint.swift */,
			);
			path = Configuration;
			sourceTree = "<group>";
		};
/* End PBXGroup section */

/* Begin PBXNativeTarget section */
		84DE939C2B202F62006BDECB /* DailyLog */ = {
			isa = PBXNativeTarget;
			buildConfigurationList = 84DE93B12B202F63006BDECB /* Build configuration list for PBXNativeTarget "DailyLog" */;
			buildPhases = (
				84DE93992B202F62006BDECB /* Sources */,
				84DE939A2B202F62006BDECB /* Frameworks */,
				84DE939B2B202F62006BDECB /* Resources */,
			);
			buildRules = (
			);
			dependencies = (
			);
			name = DailyLog;
			packageProductDependencies = (
				84DE93B72B203033006BDECB /* Turbo */,
				84C3CE792B2179310036700C /* Strada */,
			);
			productName = DailyLog;
			productReference = 84DE939D2B202F62006BDECB /* Daily Log.app */;
			productType = "com.apple.product-type.application";
		};
/* End PBXNativeTarget section */

/* Begin PBXProject section */
		84DE93952B202F62006BDECB /* Project object */ = {
			isa = PBXProject;
			attributes = {
				BuildIndependentTargetsInParallel = 1;
				LastSwiftUpdateCheck = 1500;
				LastUpgradeCheck = 1500;
				TargetAttributes = {
					84DE939C2B202F62006BDECB = {
						CreatedOnToolsVersion = 15.0.1;
					};
				};
			};
			buildConfigurationList = 84DE93982B202F62006BDECB /* Build configuration list for PBXProject "DailyLog" */;
			compatibilityVersion = "Xcode 14.0";
			developmentRegion = en;
			hasScannedForEncodings = 0;
			knownRegions = (
				en,
				Base,
			);
			mainGroup = 84DE93942B202F62006BDECB;
			packageReferences = (
				84DE93B62B203033006BDECB /* XCRemoteSwiftPackageReference "turbo-ios" */,
				84C3CE782B2179310036700C /* XCRemoteSwiftPackageReference "strada-ios" */,
			);
			productRefGroup = 84DE939E2B202F62006BDECB /* Products */;
			projectDirPath = "";
			projectRoot = "";
			targets = (
				84DE939C2B202F62006BDECB /* DailyLog */,
			);
		};
/* End PBXProject section */

/* Begin PBXResourcesBuildPhase section */
		84DE939B2B202F62006BDECB /* Resources */ = {
			isa = PBXResourcesBuildPhase;
			buildActionMask = 2147483647;
			files = (
				84DE93AD2B202F63006BDECB /* LaunchScreen.storyboard in Resources */,
				84DE93AA2B202F63006BDECB /* Assets.xcassets in Resources */,
				84DE93A82B202F62006BDECB /* Main.storyboard in Resources */,
			);
			runOnlyForDeploymentPostprocessing = 0;
		};
/* End PBXResourcesBuildPhase section */

/* Begin PBXSourcesBuildPhase section */
		84DE93992B202F62006BDECB /* Sources */ = {
			isa = PBXSourcesBuildPhase;
			buildActionMask = 2147483647;
			files = (
				84C3CE6F2B216D1E0036700C /* BridgeComponent+App.swift in Sources */,
				842525C62B2788BA00DB6CD3 /* ButtonComponent.swift in Sources */,
				84C3CE712B216E010036700C /* Turbo+Configuration.swift in Sources */,
				84C3CE732B216E320036700C /* NavigationComponent.swift in Sources */,
				84DE93BB2B203C00006BDECB /* UINavigationBar+Appearance.swift in Sources */,
				84DE93A12B202F62006BDECB /* AppDelegate.swift in Sources */,
				84C3CE692B216CD40036700C /* WebViewController.swift in Sources */,
				84DE93BE2B205228006BDECB /* Endpoint.swift in Sources */,
				84A23A2B2B2364DA00654CDF /* FormComponent.swift in Sources */,
				84DE93A32B202F62006BDECB /* SceneDelegate.swift in Sources */,
			);
			runOnlyForDeploymentPostprocessing = 0;
		};
/* End PBXSourcesBuildPhase section */

/* Begin PBXVariantGroup section */
		84DE93A62B202F62006BDECB /* Main.storyboard */ = {
			isa = PBXVariantGroup;
			children = (
				84DE93A72B202F62006BDECB /* Base */,
			);
			name = Main.storyboard;
			sourceTree = "<group>";
		};
		84DE93AB2B202F63006BDECB /* LaunchScreen.storyboard */ = {
			isa = PBXVariantGroup;
			children = (
				84DE93AC2B202F63006BDECB /* Base */,
			);
			name = LaunchScreen.storyboard;
			sourceTree = "<group>";
		};
/* End PBXVariantGroup section */

/* Begin XCBuildConfiguration section */
		84DE93AF2B202F63006BDECB /* Debug */ = {
			isa = XCBuildConfiguration;
			buildSettings = {
				ALWAYS_SEARCH_USER_PATHS = NO;
				ASSETCATALOG_COMPILER_GENERATE_SWIFT_ASSET_SYMBOL_EXTENSIONS = YES;
				CLANG_ANALYZER_NONNULL = YES;
				CLANG_ANALYZER_NUMBER_OBJECT_CONVERSION = YES_AGGRESSIVE;
				CLANG_CXX_LANGUAGE_STANDARD = "gnu++20";
				CLANG_ENABLE_MODULES = YES;
				CLANG_ENABLE_OBJC_ARC = YES;
				CLANG_ENABLE_OBJC_WEAK = YES;
				CLANG_WARN_BLOCK_CAPTURE_AUTORELEASING = YES;
				CLANG_WARN_BOOL_CONVERSION = YES;
				CLANG_WARN_COMMA = YES;
				CLANG_WARN_CONSTANT_CONVERSION = YES;
				CLANG_WARN_DEPRECATED_OBJC_IMPLEMENTATIONS = YES;
				CLANG_WARN_DIRECT_OBJC_ISA_USAGE = YES_ERROR;
				CLANG_WARN_DOCUMENTATION_COMMENTS = YES;
				CLANG_WARN_EMPTY_BODY = YES;
				CLANG_WARN_ENUM_CONVERSION = YES;
				CLANG_WARN_INFINITE_RECURSION = YES;
				CLANG_WARN_INT_CONVERSION = YES;
				CLANG_WARN_NON_LITERAL_NULL_CONVERSION = YES;
				CLANG_WARN_OBJC_IMPLICIT_RETAIN_SELF = YES;
				CLANG_WARN_OBJC_LITERAL_CONVERSION = YES;
				CLANG_WARN_OBJC_ROOT_CLASS = YES_ERROR;
				CLANG_WARN_QUOTED_INCLUDE_IN_FRAMEWORK_HEADER = YES;
				CLANG_WARN_RANGE_LOOP_ANALYSIS = YES;
				CLANG_WARN_STRICT_PROTOTYPES = YES;
				CLANG_WARN_SUSPICIOUS_MOVE = YES;
				CLANG_WARN_UNGUARDED_AVAILABILITY = YES_AGGRESSIVE;
				CLANG_WARN_UNREACHABLE_CODE = YES;
				CLANG_WARN__DUPLICATE_METHOD_MATCH = YES;
				COPY_PHASE_STRIP = NO;
				DEBUG_INFORMATION_FORMAT = dwarf;
				ENABLE_STRICT_OBJC_MSGSEND = YES;
				ENABLE_TESTABILITY = YES;
				ENABLE_USER_SCRIPT_SANDBOXING = YES;
				GCC_C_LANGUAGE_STANDARD = gnu17;
				GCC_DYNAMIC_NO_PIC = NO;
				GCC_NO_COMMON_BLOCKS = YES;
				GCC_OPTIMIZATION_LEVEL = 0;
				GCC_PREPROCESSOR_DEFINITIONS = (
					"DEBUG=1",
					"$(inherited)",
				);
				GCC_WARN_64_TO_32_BIT_CONVERSION = YES;
				GCC_WARN_ABOUT_RETURN_TYPE = YES_ERROR;
				GCC_WARN_UNDECLARED_SELECTOR = YES;
				GCC_WARN_UNINITIALIZED_AUTOS = YES_AGGRESSIVE;
				GCC_WARN_UNUSED_FUNCTION = YES;
				GCC_WARN_UNUSED_VARIABLE = YES;
				IPHONEOS_DEPLOYMENT_TARGET = 17.0;
				LOCALIZATION_PREFERS_STRING_CATALOGS = YES;
				MTL_ENABLE_DEBUG_INFO = INCLUDE_SOURCE;
				MTL_FAST_MATH = YES;
				ONLY_ACTIVE_ARCH = YES;
				SDKROOT = iphoneos;
				SWIFT_ACTIVE_COMPILATION_CONDITIONS = "DEBUG $(inherited)";
				SWIFT_OPTIMIZATION_LEVEL = "-Onone";
			};
			name = Debug;
		};
		84DE93B02B202F63006BDECB /* Release */ = {
			isa = XCBuildConfiguration;
			buildSettings = {
				ALWAYS_SEARCH_USER_PATHS = NO;
				ASSETCATALOG_COMPILER_GENERATE_SWIFT_ASSET_SYMBOL_EXTENSIONS = YES;
				CLANG_ANALYZER_NONNULL = YES;
				CLANG_ANALYZER_NUMBER_OBJECT_CONVERSION = YES_AGGRESSIVE;
				CLANG_CXX_LANGUAGE_STANDARD = "gnu++20";
				CLANG_ENABLE_MODULES = YES;
				CLANG_ENABLE_OBJC_ARC = YES;
				CLANG_ENABLE_OBJC_WEAK = YES;
				CLANG_WARN_BLOCK_CAPTURE_AUTORELEASING = YES;
				CLANG_WARN_BOOL_CONVERSION = YES;
				CLANG_WARN_COMMA = YES;
				CLANG_WARN_CONSTANT_CONVERSION = YES;
				CLANG_WARN_DEPRECATED_OBJC_IMPLEMENTATIONS = YES;
				CLANG_WARN_DIRECT_OBJC_ISA_USAGE = YES_ERROR;
				CLANG_WARN_DOCUMENTATION_COMMENTS = YES;
				CLANG_WARN_EMPTY_BODY = YES;
				CLANG_WARN_ENUM_CONVERSION = YES;
				CLANG_WARN_INFINITE_RECURSION = YES;
				CLANG_WARN_INT_CONVERSION = YES;
				CLANG_WARN_NON_LITERAL_NULL_CONVERSION = YES;
				CLANG_WARN_OBJC_IMPLICIT_RETAIN_SELF = YES;
				CLANG_WARN_OBJC_LITERAL_CONVERSION = YES;
				CLANG_WARN_OBJC_ROOT_CLASS = YES_ERROR;
				CLANG_WARN_QUOTED_INCLUDE_IN_FRAMEWORK_HEADER = YES;
				CLANG_WARN_RANGE_LOOP_ANALYSIS = YES;
				CLANG_WARN_STRICT_PROTOTYPES = YES;
				CLANG_WARN_SUSPICIOUS_MOVE = YES;
				CLANG_WARN_UNGUARDED_AVAILABILITY = YES_AGGRESSIVE;
				CLANG_WARN_UNREACHABLE_CODE = YES;
				CLANG_WARN__DUPLICATE_METHOD_MATCH = YES;
				COPY_PHASE_STRIP = NO;
				DEBUG_INFORMATION_FORMAT = "dwarf-with-dsym";
				ENABLE_NS_ASSERTIONS = NO;
				ENABLE_STRICT_OBJC_MSGSEND = YES;
				ENABLE_USER_SCRIPT_SANDBOXING = YES;
				GCC_C_LANGUAGE_STANDARD = gnu17;
				GCC_NO_COMMON_BLOCKS = YES;
				GCC_WARN_64_TO_32_BIT_CONVERSION = YES;
				GCC_WARN_ABOUT_RETURN_TYPE = YES_ERROR;
				GCC_WARN_UNDECLARED_SELECTOR = YES;
				GCC_WARN_UNINITIALIZED_AUTOS = YES_AGGRESSIVE;
				GCC_WARN_UNUSED_FUNCTION = YES;
				GCC_WARN_UNUSED_VARIABLE = YES;
				IPHONEOS_DEPLOYMENT_TARGET = 17.0;
				LOCALIZATION_PREFERS_STRING_CATALOGS = YES;
				MTL_ENABLE_DEBUG_INFO = NO;
				MTL_FAST_MATH = YES;
				SDKROOT = iphoneos;
				SWIFT_COMPILATION_MODE = wholemodule;
				VALIDATE_PRODUCT = YES;
			};
			name = Release;
		};
		84DE93B22B202F63006BDECB /* Debug */ = {
			isa = XCBuildConfiguration;
			buildSettings = {
				ASSETCATALOG_COMPILER_APPICON_NAME = AppIcon;
				ASSETCATALOG_COMPILER_GLOBAL_ACCENT_COLOR_NAME = AccentColor;
				CODE_SIGN_STYLE = Automatic;
				CURRENT_PROJECT_VERSION = 1;
				DEVELOPMENT_TEAM = 6JS2VP4ATY;
				GENERATE_INFOPLIST_FILE = YES;
				INFOPLIST_FILE = App/Resources/Info.plist;
				INFOPLIST_KEY_UIApplicationSupportsIndirectInputEvents = YES;
				INFOPLIST_KEY_UILaunchStoryboardName = LaunchScreen;
				INFOPLIST_KEY_UIMainStoryboardFile = Main;
				INFOPLIST_KEY_UISupportedInterfaceOrientations = UIInterfaceOrientationPortrait;
				LD_RUNPATH_SEARCH_PATHS = (
					"$(inherited)",
					"@executable_path/Frameworks",
				);
				MARKETING_VERSION = 1.1;
				PRODUCT_BUNDLE_IDENTIFIER = "com.masilotti.daily-log";
				PRODUCT_NAME = "Daily Log";
				SUPPORTED_PLATFORMS = "iphoneos iphonesimulator";
				SUPPORTS_MACCATALYST = NO;
				SUPPORTS_MAC_DESIGNED_FOR_IPHONE_IPAD = NO;
				SWIFT_EMIT_LOC_STRINGS = YES;
				SWIFT_VERSION = 5.0;
				TARGETED_DEVICE_FAMILY = 1;
			};
			name = Debug;
		};
		84DE93B32B202F63006BDECB /* Release */ = {
			isa = XCBuildConfiguration;
			buildSettings = {
				ASSETCATALOG_COMPILER_APPICON_NAME = AppIcon;
				ASSETCATALOG_COMPILER_GLOBAL_ACCENT_COLOR_NAME = AccentColor;
				CODE_SIGN_STYLE = Automatic;
				CURRENT_PROJECT_VERSION = 1;
				DEVELOPMENT_TEAM = 6JS2VP4ATY;
				GENERATE_INFOPLIST_FILE = YES;
				INFOPLIST_FILE = App/Resources/Info.plist;
				INFOPLIST_KEY_UIApplicationSupportsIndirectInputEvents = YES;
				INFOPLIST_KEY_UILaunchStoryboardName = LaunchScreen;
				INFOPLIST_KEY_UIMainStoryboardFile = Main;
				INFOPLIST_KEY_UISupportedInterfaceOrientations = UIInterfaceOrientationPortrait;
				LD_RUNPATH_SEARCH_PATHS = (
					"$(inherited)",
					"@executable_path/Frameworks",
				);
				MARKETING_VERSION = 1.1;
				PRODUCT_BUNDLE_IDENTIFIER = "com.masilotti.daily-log";
				PRODUCT_NAME = "Daily Log";
				SUPPORTED_PLATFORMS = "iphoneos iphonesimulator";
				SUPPORTS_MACCATALYST = NO;
				SUPPORTS_MAC_DESIGNED_FOR_IPHONE_IPAD = NO;
				SWIFT_EMIT_LOC_STRINGS = YES;
				SWIFT_VERSION = 5.0;
				TARGETED_DEVICE_FAMILY = 1;
			};
			name = Release;
		};
/* End XCBuildConfiguration section */

/* Begin XCConfigurationList section */
		84DE93982B202F62006BDECB /* Build configuration list for PBXProject "DailyLog" */ = {
			isa = XCConfigurationList;
			buildConfigurations = (
				84DE93AF2B202F63006BDECB /* Debug */,
				84DE93B02B202F63006BDECB /* Release */,
			);
			defaultConfigurationIsVisible = 0;
			defaultConfigurationName = Release;
		};
		84DE93B12B202F63006BDECB /* Build configuration list for PBXNativeTarget "DailyLog" */ = {
			isa = XCConfigurationList;
			buildConfigurations = (
				84DE93B22B202F63006BDECB /* Debug */,
				84DE93B32B202F63006BDECB /* Release */,
			);
			defaultConfigurationIsVisible = 0;
			defaultConfigurationName = Release;
		};
/* End XCConfigurationList section */

/* Begin XCRemoteSwiftPackageReference section */
		84C3CE782B2179310036700C /* XCRemoteSwiftPackageReference "strada-ios" */ = {
			isa = XCRemoteSwiftPackageReference;
			repositoryURL = "https://github.com/hotwired/strada-ios/";
			requirement = {
				branch = "fix-redirect-issue";
				kind = branch;
			};
		};
		84DE93B62B203033006BDECB /* XCRemoteSwiftPackageReference "turbo-ios" */ = {
			isa = XCRemoteSwiftPackageReference;
			repositoryURL = "https://github.com/hotwired/turbo-ios";
			requirement = {
				branch = "turbo-navigator";
				kind = branch;
			};
		};
/* End XCRemoteSwiftPackageReference section */

/* Begin XCSwiftPackageProductDependency section */
		84C3CE792B2179310036700C /* Strada */ = {
			isa = XCSwiftPackageProductDependency;
			package = 84C3CE782B2179310036700C /* XCRemoteSwiftPackageReference "strada-ios" */;
			productName = Strada;
		};
		84DE93B72B203033006BDECB /* Turbo */ = {
			isa = XCSwiftPackageProductDependency;
			package = 84DE93B62B203033006BDECB /* XCRemoteSwiftPackageReference "turbo-ios" */;
			productName = Turbo;
		};
/* End XCSwiftPackageProductDependency section */
	};
	rootObject = 84DE93952B202F62006BDECB /* Project object */;
}
